<?xml version="1.0" encoding="utf-8"?>
<Project ToolsVersion="4.0" xmlns="http://schemas.microsoft.com/developer/msbuild/2003">
  <ItemGroup>
    <Filter Include="Source Files">
      <UniqueIdentifier>{4FC737F1-C7A5-4376-A066-2A32D752A2FF}</UniqueIdentifier>
      <Extensions>cpp;c;cc;cxx;def;odl;idl;hpj;bat;asm;asmx</Extensions>
    </Filter>
    <Filter Include="Header Files">
      <UniqueIdentifier>{93995380-89BD-4b04-88EB-625FBE52EBFB}</UniqueIdentifier>
      <Extensions>h;hh;hpp;hxx;hm;inl;inc;xsd</Extensions>
    </Filter>
    <Filter Include="Header Files\SceneObjects">
      <UniqueIdentifier>{2cb1f44f-a2f1-48db-9e93-b26dc8fff15f}</UniqueIdentifier>
    </Filter>
    <Filter Include="Source Files\SceneObjects">
      <UniqueIdentifier>{c3a3ad22-069b-43bf-8ed2-2c4b5312274a}</UniqueIdentifier>
    </Filter>
    <Filter Include="Header Files\GUI">
      <UniqueIdentifier>{7cf00905-a887-4a98-b3f9-f871409dd026}</UniqueIdentifier>
    </Filter>
    <Filter Include="Source Files\GUI">
      <UniqueIdentifier>{62ac5515-1876-45cd-a9ef-2d5c68b5745a}</UniqueIdentifier>
    </Filter>
    <Filter Include="Header Files\Shaders">
      <UniqueIdentifier>{51dd9f42-6d37-4af6-a6ee-83d595f2331f}</UniqueIdentifier>
    </Filter>
    <Filter Include="Source Files\Shaders">
      <UniqueIdentifier>{5e2845d6-139f-499c-8608-a87b61db84cd}</UniqueIdentifier>
    </Filter>
    <Filter Include="Header Files\Shaders\GUIShaders">
      <UniqueIdentifier>{d4101a6a-f4bc-443a-93b5-021458f4f2a9}</UniqueIdentifier>
    </Filter>
    <Filter Include="Source Files\Shaders\GUIShaders">
      <UniqueIdentifier>{504b9279-b250-48ea-a70e-7c943f611a60}</UniqueIdentifier>
    </Filter>
  </ItemGroup>
  <ItemGroup>
    <ClCompile Include="main.cpp">
      <Filter>Source Files</Filter>
    </ClCompile>
    <ClCompile Include="Display.cpp">
      <Filter>Source Files</Filter>
    </ClCompile>
    <ClCompile Include="Engine.cpp">
      <Filter>Source Files</Filter>
    </ClCompile>
    <ClCompile Include="Texture.cpp">
      <Filter>Source Files</Filter>
    </ClCompile>
    <ClCompile Include="Font.cpp">
      <Filter>Source Files</Filter>
    </ClCompile>
    <ClCompile Include="constdef.cpp">
      <Filter>Source Files</Filter>
    </ClCompile>
    <ClCompile Include="Camera.cpp">
      <Filter>Source Files\SceneObjects</Filter>
    </ClCompile>
    <ClCompile Include="Mesh.cpp">
      <Filter>Source Files\SceneObjects</Filter>
    </ClCompile>
    <ClCompile Include="Rects.cpp">
      <Filter>Source Files\GUI</Filter>
    </ClCompile>
    <ClCompile Include="Shader.cpp">
      <Filter>Source Files\Shaders</Filter>
    </ClCompile>
    <ClCompile Include="FontShader.cpp">
      <Filter>Source Files\Shaders</Filter>
    </ClCompile>
    <ClCompile Include="RectShader.cpp">
      <Filter>Source Files\Shaders\GUIShaders</Filter>
    </ClCompile>
  </ItemGroup>
  <ItemGroup>
    <ClInclude Include="constdef.h">
      <Filter>Header Files</Filter>
    </ClInclude>
    <ClInclude Include="Engine.h">
      <Filter>Header Files</Filter>
    </ClInclude>
    <ClInclude Include="Display.h">
      <Filter>Header Files</Filter>
    </ClInclude>
    <ClInclude Include="Texture.h">
      <Filter>Header Files</Filter>
    </ClInclude>
    <ClInclude Include="Font.h">
      <Filter>Header Files</Filter>
    </ClInclude>
    <ClInclude Include="Camera.h">
      <Filter>Header Files\SceneObjects</Filter>
    </ClInclude>
    <ClInclude Include="Mesh.h">
      <Filter>Header Files\SceneObjects</Filter>
    </ClInclude>
    <ClInclude Include="Button.h">
      <Filter>Header Files\GUI</Filter>
    </ClInclude>
    <ClInclude Include="Label.h">
      <Filter>Header Files\GUI</Filter>
    </ClInclude>
    <ClInclude Include="Checkbox.h">
      <Filter>Header Files\GUI</Filter>
    </ClInclude>
    <ClInclude Include="Containers.h">
      <Filter>Header Files\GUI</Filter>
    </ClInclude>
    <ClInclude Include="Rects.h">
      <Filter>Header Files\GUI</Filter>
    </ClInclude>
    <ClInclude Include="Editbox.h">
      <Filter>Header Files\GUI</Filter>
    </ClInclude>
    <ClInclude Include="Shader.h">
      <Filter>Header Files\Shaders</Filter>
    </ClInclude>
    <ClInclude Include="FontShader.h">
      <Filter>Header Files\Shaders</Filter>
    </ClInclude>
    <ClInclude Include="GUIManager.h">
      <Filter>Header Files\GUI</Filter>
    </ClInclude>
    <ClInclude Include="RectShader.h">
      <Filter>Header Files\Shaders\GUIShaders</Filter>
    </ClInclude>
  </ItemGroup>
</Project>